
Microsoft Visual Studio Solution File, Format Version 12.00
# Visual Studio 15
VisualStudioVersion = 15.0.35431.46
MinimumVisualStudioVersion = 10.0.40219.1
Project("{FAE04EC0-301F-11D3-BF4B-00C04F79EFBC}") = "Website bán sách", "WebApplication1\Website bán sách.csproj", "{27DA1AF6-6E66-45A6-B580-52F57A5C357A}"
EndProject
Global
	GlobalSection(SolutionConfigurationPlatforms) = preSolution
		Debug|Any CPU = Debug|Any CPU
		Release|Any CPU = Release|Any CPU
	EndGlobalSection
	GlobalSection(ProjectConfigurationPlatforms) = postSolution
		{27DA1AF6-6E66-45A6-B580-52F57A5C357A}.Debug|Any CPU.ActiveCfg = Debug|Any CPU
		{27DA1AF6-6E66-45A6-B580-52F57A5C357A}.Debug|Any CPU.Build.0 = Debug|Any CPU
		{27DA1AF6-6E66-45A6-B580-52F57A5C357A}.Release|Any CPU.ActiveCfg = Release|Any CPU
		{27DA1AF6-6E66-45A6-B580-52F57A5C357A}.Release|Any CPU.Build.0 = Release|Any CPU
	EndGlobalSection
	GlobalSection(SolutionProperties) = preSolution
		HideSolutionNode = FALSE
	EndGlobalSection
	GlobalSection(ExtensibilityGlobals) = postSolution
		SolutionGuid = {7D4C6C3B-DE04-46EC-B436-DB8FCBE683EB}
	EndGlobalSection
EndGlobal
